
Microsoft Visual Studio Solution File, Format Version 12.00
# Visual Studio Version 17
VisualStudioVersion = 17.10.35013.160
MinimumVisualStudioVersion = 10.0.40219.1
Project("{FAE04EC0-301F-11D3-BF4B-00C04F79EFBC}") = "ExpensesAPI", "ExpensesAPI.csproj", "{B3DD87AD-DABD-45CE-A01E-578EBA924086}"
EndProject
Global
	GlobalSection(SolutionConfigurationPlatforms) = preSolution
		Debug|Any CPU = Debug|Any CPU
		Release|Any CPU = Release|Any CPU
	EndGlobalSection
	GlobalSection(ProjectConfigurationPlatforms) = postSolution
		{B3DD87AD-DABD-45CE-A01E-578EBA924086}.Debug|Any CPU.ActiveCfg = Debug|Any CPU
		{B3DD87AD-DABD-45CE-A01E-578EBA924086}.Debug|Any CPU.Build.0 = Debug|Any CPU
		{B3DD87AD-DABD-45CE-A01E-578EBA924086}.Release|Any CPU.ActiveCfg = Release|Any CPU
		{B3DD87AD-DABD-45CE-A01E-578EBA924086}.Release|Any CPU.Build.0 = Release|Any CPU
	EndGlobalSection
	GlobalSection(SolutionProperties) = preSolution
		HideSolutionNode = FALSE
	EndGlobalSection
	GlobalSection(ExtensibilityGlobals) = postSolution
		SolutionGuid = {6BC8252B-4A55-4841-9042-6C1FF3241153}
	EndGlobalSection
EndGlobal
